// !$*UTF8*$!
{
	archiveVersion = 1;
	classes = {
	};
	objectVersion = 50;
	objects = {

/* Begin PBXBuildFile section */
		B110C3EB26481DE600EE4A98 /* organisation.cpp in Sources */ = {isa = PBXBuildFile; fileRef = B110C3E926481DE600EE4A98 /* organisation.cpp */; };
		B130946A264C7BC20041B36C /* cathedra.cpp in Sources */ = {isa = PBXBuildFile; fileRef = B1309468264C7BC20041B36C /* cathedra.cpp */; };
		B130946E264C7F4D0041B36C /* iter.cpp in Sources */ = {isa = PBXBuildFile; fileRef = B130946C264C7F4D0041B36C /* iter.cpp */; };
		B1BBC4992647D25A0002A3C7 /* main.cpp in Sources */ = {isa = PBXBuildFile; fileRef = B1BBC4982647D25A0002A3C7 /* main.cpp */; };
		B1CD93A6264D22EA0096DF27 /* institute.cpp in Sources */ = {isa = PBXBuildFile; fileRef = B1CD93A4264D22EA0096DF27 /* institute.cpp */; };
		B1CD93AA264DCAB80096DF27 /* printer.cpp in Sources */ = {isa = PBXBuildFile; fileRef = B1CD93A8264DCAB80096DF27 /* printer.cpp */; };
/* End PBXBuildFile section */

/* Begin PBXCopyFilesBuildPhase section */
		B1BBC4932647D25A0002A3C7 /* CopyFiles */ = {
			isa = PBXCopyFilesBuildPhase;
			buildActionMask = 2147483647;
			dstPath = /usr/share/man/man1/;
			dstSubfolderSpec = 0;
			files = (
			);
			runOnlyForDeploymentPostprocessing = 1;
		};
/* End PBXCopyFilesBuildPhase section */

/* Begin PBXFileReference section */
		B110C3E926481DE600EE4A98 /* organisation.cpp */ = {isa = PBXFileReference; lastKnownFileType = sourcecode.cpp.cpp; path = organisation.cpp; sourceTree = "<group>"; };
		B110C3ED26481EF400EE4A98 /* organisation.hpp */ = {isa = PBXFileReference; fileEncoding = 4; lastKnownFileType = sourcecode.cpp.h; path = organisation.hpp; sourceTree = "<group>"; };
		B1309468264C7BC20041B36C /* cathedra.cpp */ = {isa = PBXFileReference; lastKnownFileType = sourcecode.cpp.cpp; path = cathedra.cpp; sourceTree = "<group>"; };
		B1309469264C7BC20041B36C /* cathedra.hpp */ = {isa = PBXFileReference; lastKnownFileType = sourcecode.cpp.h; path = cathedra.hpp; sourceTree = "<group>"; };
		B130946C264C7F4D0041B36C /* iter.cpp */ = {isa = PBXFileReference; lastKnownFileType = sourcecode.cpp.cpp; path = iter.cpp; sourceTree = "<group>"; };
		B130946D264C7F4D0041B36C /* iter.hpp */ = {isa = PBXFileReference; lastKnownFileType = sourcecode.cpp.h; path = iter.hpp; sourceTree = "<group>"; };
		B1BBC4952647D25A0002A3C7 /* bless */ = {isa = PBXFileReference; explicitFileType = "compiled.mach-o.executable"; includeInIndex = 0; path = bless; sourceTree = BUILT_PRODUCTS_DIR; };
		B1BBC4982647D25A0002A3C7 /* main.cpp */ = {isa = PBXFileReference; lastKnownFileType = sourcecode.cpp.cpp; path = main.cpp; sourceTree = "<group>"; };
		B1CD93A4264D22EA0096DF27 /* institute.cpp */ = {isa = PBXFileReference; lastKnownFileType = sourcecode.cpp.cpp; path = institute.cpp; sourceTree = "<group>"; };
		B1CD93A5264D22EA0096DF27 /* institute.hpp */ = {isa = PBXFileReference; lastKnownFileType = sourcecode.cpp.h; path = institute.hpp; sourceTree = "<group>"; };
		B1CD93A8264DCAB80096DF27 /* printer.cpp */ = {isa = PBXFileReference; lastKnownFileType = sourcecode.cpp.cpp; path = printer.cpp; sourceTree = "<group>"; };
		B1CD93A9264DCAB80096DF27 /* printer.hpp */ = {isa = PBXFileReference; lastKnownFileType = sourcecode.cpp.h; path = printer.hpp; sourceTree = "<group>"; };
/* End PBXFileReference section */

/* Begin PBXFrameworksBuildPhase section */
		B1BBC4922647D25A0002A3C7 /* Frameworks */ = {
			isa = PBXFrameworksBuildPhase;
			buildActionMask = 2147483647;
			files = (
			);
			runOnlyForDeploymentPostprocessing = 0;
		};
/* End PBXFrameworksBuildPhase section */

/* Begin PBXGroup section */
		B1BBC48C2647D25A0002A3C7 = {
			isa = PBXGroup;
			children = (
				B1BBC4972647D25A0002A3C7 /* bless */,
				B1BBC4962647D25A0002A3C7 /* Products */,
			);
			sourceTree = "<group>";
		};
		B1BBC4962647D25A0002A3C7 /* Products */ = {
			isa = PBXGroup;
			children = (
				B1BBC4952647D25A0002A3C7 /* bless */,
			);
			name = Products;
			sourceTree = "<group>";
		};
		B1BBC4972647D25A0002A3C7 /* bless */ = {
			isa = PBXGroup;
			children = (
				B110C3ED26481EF400EE4A98 /* organisation.hpp */,
				B1BBC4982647D25A0002A3C7 /* main.cpp */,
				B110C3E926481DE600EE4A98 /* organisation.cpp */,
				B1309468264C7BC20041B36C /* cathedra.cpp */,
				B1309469264C7BC20041B36C /* cathedra.hpp */,
				B130946C264C7F4D0041B36C /* iter.cpp */,
				B130946D264C7F4D0041B36C /* iter.hpp */,
				B1CD93A4264D22EA0096DF27 /* institute.cpp */,
				B1CD93A5264D22EA0096DF27 /* institute.hpp */,
				B1CD93A8264DCAB80096DF27 /* printer.cpp */,
				B1CD93A9264DCAB80096DF27 /* printer.hpp */,
			);
			path = bless;
			sourceTree = "<group>";
		};
/* End PBXGroup section */

/* Begin PBXNativeTarget section */
		B1BBC4942647D25A0002A3C7 /* bless */ = {
			isa = PBXNativeTarget;
			buildConfigurationList = B1BBC49C2647D25A0002A3C7 /* Build configuration list for PBXNativeTarget "bless" */;
			buildPhases = (
				B1BBC4912647D25A0002A3C7 /* Sources */,
				B1BBC4922647D25A0002A3C7 /* Frameworks */,
				B1BBC4932647D25A0002A3C7 /* CopyFiles */,
			);
			buildRules = (
			);
			dependencies = (
			);
			name = bless;
			productName = bless;
			productReference = B1BBC4952647D25A0002A3C7 /* bless */;
			productType = "com.apple.product-type.tool";
		};
/* End PBXNativeTarget section */

/* Begin PBXProject section */
		B1BBC48D2647D25A0002A3C7 /* Project object */ = {
			isa = PBXProject;
			attributes = {
				LastUpgradeCheck = 1220;
				TargetAttributes = {
					B1BBC4942647D25A0002A3C7 = {
						CreatedOnToolsVersion = 12.2;
					};
				};
			};
			buildConfigurationList = B1BBC4902647D25A0002A3C7 /* Build configuration list for PBXProject "bless" */;
			compatibilityVersion = "Xcode 9.3";
			developmentRegion = en;
			hasScannedForEncodings = 0;
			knownRegions = (
				en,
				Base,
			);
			mainGroup = B1BBC48C2647D25A0002A3C7;
			productRefGroup = B1BBC4962647D25A0002A3C7 /* Products */;
			projectDirPath = "";
			projectRoot = "";
			targets = (
				B1BBC4942647D25A0002A3C7 /* bless */,
			);
		};
/* End PBXProject section */

/* Begin PBXSourcesBuildPhase section */
		B1BBC4912647D25A0002A3C7 /* Sources */ = {
			isa = PBXSourcesBuildPhase;
			buildActionMask = 2147483647;
			files = (
				B1BBC4992647D25A0002A3C7 /* main.cpp in Sources */,
				B130946E264C7F4D0041B36C /* iter.cpp in Sources */,
				B110C3EB26481DE600EE4A98 /* organisation.cpp in Sources */,
				B130946A264C7BC20041B36C /* cathedra.cpp in Sources */,
				B1CD93AA264DCAB80096DF27 /* printer.cpp in Sources */,
				B1CD93A6264D22EA0096DF27 /* institute.cpp in Sources */,
			);
			runOnlyForDeploymentPostprocessing = 0;
		};
/* End PBXSourcesBuildPhase section */

/* Begin XCBuildConfiguration section */
		B1BBC49A2647D25A0002A3C7 /* Debug */ = {
			isa = XCBuildConfiguration;
			buildSettings = {
				ALWAYS_SEARCH_USER_PATHS = NO;
				CLANG_ANALYZER_NONNULL = YES;
				CLANG_ANALYZER_NUMBER_OBJECT_CONVERSION = YES_AGGRESSIVE;
				CLANG_CXX_LANGUAGE_STANDARD = "gnu++14";
				CLANG_CXX_LIBRARY = "libc++";
				CLANG_ENABLE_MODULES = YES;
				CLANG_ENABLE_OBJC_ARC = YES;
				CLANG_ENABLE_OBJC_WEAK = YES;
				CLANG_WARN_BLOCK_CAPTURE_AUTORELEASING = YES;
				CLANG_WARN_BOOL_CONVERSION = YES;
				CLANG_WARN_COMMA = YES;
				CLANG_WARN_CONSTANT_CONVERSION = YES;
				CLANG_WARN_DEPRECATED_OBJC_IMPLEMENTATIONS = YES;
				CLANG_WARN_DIRECT_OBJC_ISA_USAGE = YES_ERROR;
				CLANG_WARN_DOCUMENTATION_COMMENTS = YES;
				CLANG_WARN_EMPTY_BODY = YES;
				CLANG_WARN_ENUM_CONVERSION = YES;
				CLANG_WARN_INFINITE_RECURSION = YES;
				CLANG_WARN_INT_CONVERSION = YES;
				CLANG_WARN_NON_LITERAL_NULL_CONVERSION = YES;
				CLANG_WARN_OBJC_IMPLICIT_RETAIN_SELF = YES;
				CLANG_WARN_OBJC_LITERAL_CONVERSION = YES;
				CLANG_WARN_OBJC_ROOT_CLASS = YES_ERROR;
				CLANG_WARN_QUOTED_INCLUDE_IN_FRAMEWORK_HEADER = YES;
				CLANG_WARN_RANGE_LOOP_ANALYSIS = YES;
				CLANG_WARN_STRICT_PROTOTYPES = YES;
				CLANG_WARN_SUSPICIOUS_MOVE = YES;
				CLANG_WARN_UNGUARDED_AVAILABILITY = YES_AGGRESSIVE;
				CLANG_WARN_UNREACHABLE_CODE = YES;
				CLANG_WARN__DUPLICATE_METHOD_MATCH = YES;
				COPY_PHASE_STRIP = NO;
				DEBUG_INFORMATION_FORMAT = dwarf;
				ENABLE_STRICT_OBJC_MSGSEND = YES;
				ENABLE_TESTABILITY = YES;
				GCC_C_LANGUAGE_STANDARD = gnu11;
				GCC_DYNAMIC_NO_PIC = NO;
				GCC_NO_COMMON_BLOCKS = YES;
				GCC_OPTIMIZATION_LEVEL = 0;
				GCC_PREPROCESSOR_DEFINITIONS = (
					"DEBUG=1",
					"$(inherited)",
				);
				GCC_WARN_64_TO_32_BIT_CONVERSION = YES;
				GCC_WARN_ABOUT_RETURN_TYPE = YES_ERROR;
				GCC_WARN_UNDECLARED_SELECTOR = YES;
				GCC_WARN_UNINITIALIZED_AUTOS = YES_AGGRESSIVE;
				GCC_WARN_UNUSED_FUNCTION = YES;
				GCC_WARN_UNUSED_VARIABLE = YES;
				MACOSX_DEPLOYMENT_TARGET = 10.15;
				MTL_ENABLE_DEBUG_INFO = INCLUDE_SOURCE;
				MTL_FAST_MATH = YES;
				ONLY_ACTIVE_ARCH = YES;
				SDKROOT = macosx;
			};
			name = Debug;
		};
		B1BBC49B2647D25A0002A3C7 /* Release */ = {
			isa = XCBuildConfiguration;
			buildSettings = {
				ALWAYS_SEARCH_USER_PATHS = NO;
				CLANG_ANALYZER_NONNULL = YES;
				CLANG_ANALYZER_NUMBER_OBJECT_CONVERSION = YES_AGGRESSIVE;
				CLANG_CXX_LANGUAGE_STANDARD = "gnu++14";
				CLANG_CXX_LIBRARY = "libc++";
				CLANG_ENABLE_MODULES = YES;
				CLANG_ENABLE_OBJC_ARC = YES;
				CLANG_ENABLE_OBJC_WEAK = YES;
				CLANG_WARN_BLOCK_CAPTURE_AUTORELEASING = YES;
				CLANG_WARN_BOOL_CONVERSION = YES;
				CLANG_WARN_COMMA = YES;
				CLANG_WARN_CONSTANT_CONVERSION = YES;
				CLANG_WARN_DEPRECATED_OBJC_IMPLEMENTATIONS = YES;
				CLANG_WARN_DIRECT_OBJC_ISA_USAGE = YES_ERROR;
				CLANG_WARN_DOCUMENTATION_COMMENTS = YES;
				CLANG_WARN_EMPTY_BODY = YES;
				CLANG_WARN_ENUM_CONVERSION = YES;
				CLANG_WARN_INFINITE_RECURSION = YES;
				CLANG_WARN_INT_CONVERSION = YES;
				CLANG_WARN_NON_LITERAL_NULL_CONVERSION = YES;
				CLANG_WARN_OBJC_IMPLICIT_RETAIN_SELF = YES;
				CLANG_WARN_OBJC_LITERAL_CONVERSION = YES;
				CLANG_WARN_OBJC_ROOT_CLASS = YES_ERROR;
				CLANG_WARN_QUOTED_INCLUDE_IN_FRAMEWORK_HEADER = YES;
				CLANG_WARN_RANGE_LOOP_ANALYSIS = YES;
				CLANG_WARN_STRICT_PROTOTYPES = YES;
				CLANG_WARN_SUSPICIOUS_MOVE = YES;
				CLANG_WARN_UNGUARDED_AVAILABILITY = YES_AGGRESSIVE;
				CLANG_WARN_UNREACHABLE_CODE = YES;
				CLANG_WARN__DUPLICATE_METHOD_MATCH = YES;
				COPY_PHASE_STRIP = NO;
				DEBUG_INFORMATION_FORMAT = "dwarf-with-dsym";
				ENABLE_NS_ASSERTIONS = NO;
				ENABLE_STRICT_OBJC_MSGSEND = YES;
				GCC_C_LANGUAGE_STANDARD = gnu11;
				GCC_NO_COMMON_BLOCKS = YES;
				GCC_WARN_64_TO_32_BIT_CONVERSION = YES;
				GCC_WARN_ABOUT_RETURN_TYPE = YES_ERROR;
				GCC_WARN_UNDECLARED_SELECTOR = YES;
				GCC_WARN_UNINITIALIZED_AUTOS = YES_AGGRESSIVE;
				GCC_WARN_UNUSED_FUNCTION = YES;
				GCC_WARN_UNUSED_VARIABLE = YES;
				MACOSX_DEPLOYMENT_TARGET = 10.15;
				MTL_ENABLE_DEBUG_INFO = NO;
				MTL_FAST_MATH = YES;
				SDKROOT = macosx;
			};
			name = Release;
		};
		B1BBC49D2647D25A0002A3C7 /* Debug */ = {
			isa = XCBuildConfiguration;
			buildSettings = {
				CODE_SIGN_STYLE = Automatic;
				DEVELOPMENT_TEAM = DD67PST3UH;
				ENABLE_HARDENED_RUNTIME = YES;
				PRODUCT_NAME = "$(TARGET_NAME)";
			};
			name = Debug;
		};
		B1BBC49E2647D25A0002A3C7 /* Release */ = {
			isa = XCBuildConfiguration;
			buildSettings = {
				CODE_SIGN_STYLE = Automatic;
				DEVELOPMENT_TEAM = DD67PST3UH;
				ENABLE_HARDENED_RUNTIME = YES;
				PRODUCT_NAME = "$(TARGET_NAME)";
			};
			name = Release;
		};
/* End XCBuildConfiguration section */

/* Begin XCConfigurationList section */
		B1BBC4902647D25A0002A3C7 /* Build configuration list for PBXProject "bless" */ = {
			isa = XCConfigurationList;
			buildConfigurations = (
				B1BBC49A2647D25A0002A3C7 /* Debug */,
				B1BBC49B2647D25A0002A3C7 /* Release */,
			);
			defaultConfigurationIsVisible = 0;
			defaultConfigurationName = Release;
		};
		B1BBC49C2647D25A0002A3C7 /* Build configuration list for PBXNativeTarget "bless" */ = {
			isa = XCConfigurationList;
			buildConfigurations = (
				B1BBC49D2647D25A0002A3C7 /* Debug */,
				B1BBC49E2647D25A0002A3C7 /* Release */,
			);
			defaultConfigurationIsVisible = 0;
			defaultConfigurationName = Release;
		};
/* End XCConfigurationList section */
	};
	rootObject = B1BBC48D2647D25A0002A3C7 /* Project object */;
}
